
Microsoft Visual Studio Solution File, Format Version 12.00
# Visual Studio 15
VisualStudioVersion = 15.0.28307.1500
MinimumVisualStudioVersion = 10.0.40219.1
Project("{FAE04EC0-301F-11D3-BF4B-00C04F79EFBC}") = "CovidApplication", "CovidApplication\CovidApplication.csproj", "{9AC85278-88BE-4BCA-B102-783E600E5BD3}"
EndProject
Project("{FAE04EC0-301F-11D3-BF4B-00C04F79EFBC}") = "CovidLibrary", "CovidLibrary\CovidLibrary.csproj", "{8712A7DB-0922-462D-AFF8-00B5CC2E540A}"
EndProject
Global
	GlobalSection(SolutionConfigurationPlatforms) = preSolution
		Debug|Any CPU = Debug|Any CPU
		Release|Any CPU = Release|Any CPU
	EndGlobalSection
	GlobalSection(ProjectConfigurationPlatforms) = postSolution
		{9AC85278-88BE-4BCA-B102-783E600E5BD3}.Debug|Any CPU.ActiveCfg = Debug|Any CPU
		{9AC85278-88BE-4BCA-B102-783E600E5BD3}.Debug|Any CPU.Build.0 = Debug|Any CPU
		{9AC85278-88BE-4BCA-B102-783E600E5BD3}.Release|Any CPU.ActiveCfg = Release|Any CPU
		{9AC85278-88BE-4BCA-B102-783E600E5BD3}.Release|Any CPU.Build.0 = Release|Any CPU
		{8712A7DB-0922-462D-AFF8-00B5CC2E540A}.Debug|Any CPU.ActiveCfg = Debug|Any CPU
		{8712A7DB-0922-462D-AFF8-00B5CC2E540A}.Debug|Any CPU.Build.0 = Debug|Any CPU
		{8712A7DB-0922-462D-AFF8-00B5CC2E540A}.Release|Any CPU.ActiveCfg = Release|Any CPU
		{8712A7DB-0922-462D-AFF8-00B5CC2E540A}.Release|Any CPU.Build.0 = Release|Any CPU
	EndGlobalSection
	GlobalSection(SolutionProperties) = preSolution
		HideSolutionNode = FALSE
	EndGlobalSection
	GlobalSection(ExtensibilityGlobals) = postSolution
		SolutionGuid = {47164E3C-37E3-4FCB-8B49-250C87E3B0FE}
	EndGlobalSection
EndGlobal
